
Microsoft Visual Studio Solution File, Format Version 11.00
# Visual Studio 2010
Project("{FAE04EC0-301F-11D3-BF4B-00C04F79EFBC}") = "RoundProgressView", "RoundProgressView\RoundProgressView.csproj", "{CEA90AD7-9868-465F-9313-2B936DF9DF5B}"
EndProject
Global
	GlobalSection(SolutionConfigurationPlatforms) = preSolution
		Debug|Any CPU = Debug|Any CPU
		Release|Any CPU = Release|Any CPU
	EndGlobalSection
	GlobalSection(ProjectConfigurationPlatforms) = postSolution
		{CEA90AD7-9868-465F-9313-2B936DF9DF5B}.Debug|Any CPU.ActiveCfg = Debug|Any CPU
		{CEA90AD7-9868-465F-9313-2B936DF9DF5B}.Debug|Any CPU.Build.0 = Debug|Any CPU
		{CEA90AD7-9868-465F-9313-2B936DF9DF5B}.Release|Any CPU.ActiveCfg = Release|Any CPU
		{CEA90AD7-9868-465F-9313-2B936DF9DF5B}.Release|Any CPU.Build.0 = Release|Any CPU
	EndGlobalSection
	GlobalSection(MonoDevelopProperties) = preSolution
		StartupItem = RoundProgressView\RoundProgressView.csproj
	EndGlobalSection
EndGlobal
